// !$*UTF8*$!
{
	archiveVersion = 1;
	classes = {
	};
	objectVersion = 53;
	objects = {

/* Begin PBXBuildFile section */
		3EA3AB71287F2A5B00CAF61C /* QuickActionSettings.swift in Sources */ = {isa = PBXBuildFile; fileRef = 3EA3AB70287F2A5B00CAF61C /* QuickActionSettings.swift */; };
		3EA3AB72287F2A5B00CAF61C /* QuickActionSettings.swift in Sources */ = {isa = PBXBuildFile; fileRef = 3EA3AB70287F2A5B00CAF61C /* QuickActionSettings.swift */; };
		C322EFC9267C32CD00D42C86 /* MainScreenView.swift in Sources */ = {isa = PBXBuildFile; fileRef = C322EFC8267C32CD00D42C86 /* MainScreenView.swift */; };
		C322EFCA267C32CD00D42C86 /* MainScreenView.swift in Sources */ = {isa = PBXBuildFile; fileRef = C322EFC8267C32CD00D42C86 /* MainScreenView.swift */; };
		C322EFCC267C4A1900D42C86 /* AddRecScreen.swift in Sources */ = {isa = PBXBuildFile; fileRef = C322EFCB267C4A1900D42C86 /* AddRecScreen.swift */; };
		C322EFCD267C4A1900D42C86 /* AddRecScreen.swift in Sources */ = {isa = PBXBuildFile; fileRef = C322EFCB267C4A1900D42C86 /* AddRecScreen.swift */; };
		C322EFCF267C4A4A00D42C86 /* UpNextScreen.swift in Sources */ = {isa = PBXBuildFile; fileRef = C322EFCE267C4A4A00D42C86 /* UpNextScreen.swift */; };
		C322EFD0267C4A4A00D42C86 /* UpNextScreen.swift in Sources */ = {isa = PBXBuildFile; fileRef = C322EFCE267C4A4A00D42C86 /* UpNextScreen.swift */; };
		C322EFD6267C5BAC00D42C86 /* Types.swift in Sources */ = {isa = PBXBuildFile; fileRef = C322EFD5267C5BAC00D42C86 /* Types.swift */; };
		C322EFD7267C5BAC00D42C86 /* Types.swift in Sources */ = {isa = PBXBuildFile; fileRef = C322EFD5267C5BAC00D42C86 /* Types.swift */; };
		C325E13B2682964700067AF1 /* WhatsNextUITests.swift in Sources */ = {isa = PBXBuildFile; fileRef = C325E13A2682964700067AF1 /* WhatsNextUITests.swift */; };
		C325E14226838CA300067AF1 /* ItemDetailView.swift in Sources */ = {isa = PBXBuildFile; fileRef = C325E14126838CA300067AF1 /* ItemDetailView.swift */; };
		C325E14326838CA300067AF1 /* ItemDetailView.swift in Sources */ = {isa = PBXBuildFile; fileRef = C325E14126838CA300067AF1 /* ItemDetailView.swift */; };
		C325E1472683BEE400067AF1 /* SnapshotHelper.swift in Sources */ = {isa = PBXBuildFile; fileRef = C325E1462683BEE400067AF1 /* SnapshotHelper.swift */; };
		C33439AF2683DE9400A8F4CB /* Localizable.strings in Resources */ = {isa = PBXBuildFile; fileRef = C33439B22683DE9400A8F4CB /* Localizable.strings */; };
		C33439B02683DE9400A8F4CB /* Localizable.strings in Resources */ = {isa = PBXBuildFile; fileRef = C33439B22683DE9400A8F4CB /* Localizable.strings */; };
		C356AA60268D609E0050E32A /* Filterer.swift in Sources */ = {isa = PBXBuildFile; fileRef = C356AA5F268D609E0050E32A /* Filterer.swift */; };
		C356AA61268D609E0050E32A /* Filterer.swift in Sources */ = {isa = PBXBuildFile; fileRef = C356AA5F268D609E0050E32A /* Filterer.swift */; };
		C356AA67268D71130050E32A /* Localizable.strings in Resources */ = {isa = PBXBuildFile; fileRef = C33439B22683DE9400A8F4CB /* Localizable.strings */; };
		C3708518268155CB0029CC3E /* WhatsNextApp.swift in Sources */ = {isa = PBXBuildFile; fileRef = C3C8A824267C1CD1007D9512 /* WhatsNextApp.swift */; };
		C3C8A84E267C1CD2007D9512 /* What_s_Next.xcdatamodeld in Sources */ = {isa = PBXBuildFile; fileRef = C3C8A822267C1CD1007D9512 /* What_s_Next.xcdatamodeld */; };
		C3C8A84F267C1CD2007D9512 /* What_s_Next.xcdatamodeld in Sources */ = {isa = PBXBuildFile; fileRef = C3C8A822267C1CD1007D9512 /* What_s_Next.xcdatamodeld */; };
		C3C8A850267C1CD2007D9512 /* WhatsNextApp.swift in Sources */ = {isa = PBXBuildFile; fileRef = C3C8A824267C1CD1007D9512 /* WhatsNextApp.swift */; };
		C3C8A852267C1CD2007D9512 /* ItemListView.swift in Sources */ = {isa = PBXBuildFile; fileRef = C3C8A825267C1CD1007D9512 /* ItemListView.swift */; };
		C3C8A853267C1CD2007D9512 /* ItemListView.swift in Sources */ = {isa = PBXBuildFile; fileRef = C3C8A825267C1CD1007D9512 /* ItemListView.swift */; };
		C3C8A854267C1CD2007D9512 /* Persistence.swift in Sources */ = {isa = PBXBuildFile; fileRef = C3C8A826267C1CD1007D9512 /* Persistence.swift */; };
		C3C8A855267C1CD2007D9512 /* Persistence.swift in Sources */ = {isa = PBXBuildFile; fileRef = C3C8A826267C1CD1007D9512 /* Persistence.swift */; };
		C3C8A856267C1CD2007D9512 /* Assets.xcassets in Resources */ = {isa = PBXBuildFile; fileRef = C3C8A827267C1CD1007D9512 /* Assets.xcassets */; };
		C3C8A857267C1CD2007D9512 /* Assets.xcassets in Resources */ = {isa = PBXBuildFile; fileRef = C3C8A827267C1CD1007D9512 /* Assets.xcassets */; };
/* End PBXBuildFile section */

/* Begin PBXContainerItemProxy section */
		C325E13C2682964700067AF1 /* PBXContainerItemProxy */ = {
			isa = PBXContainerItemProxy;
			containerPortal = C3C8A81D267C1CD0007D9512 /* Project object */;
			proxyType = 1;
			remoteGlobalIDString = C3C8A82B267C1CD1007D9512;
			remoteInfo = "What's Next (iOS)";
		};
/* End PBXContainerItemProxy section */

/* Begin PBXFileReference section */
		3E52F6E0287F2FEB00E802AB /* Info.plist */ = {isa = PBXFileReference; fileEncoding = 4; lastKnownFileType = text.plist.xml; path = Info.plist; sourceTree = "<group>"; };
		3EA3AB70287F2A5B00CAF61C /* QuickActionSettings.swift */ = {isa = PBXFileReference; lastKnownFileType = sourcecode.swift; path = QuickActionSettings.swift; sourceTree = "<group>"; };
		C322EFC8267C32CD00D42C86 /* MainScreenView.swift */ = {isa = PBXFileReference; lastKnownFileType = sourcecode.swift; path = MainScreenView.swift; sourceTree = "<group>"; };
		C322EFCB267C4A1900D42C86 /* AddRecScreen.swift */ = {isa = PBXFileReference; lastKnownFileType = sourcecode.swift; path = AddRecScreen.swift; sourceTree = "<group>"; };
		C322EFCE267C4A4A00D42C86 /* UpNextScreen.swift */ = {isa = PBXFileReference; lastKnownFileType = sourcecode.swift; path = UpNextScreen.swift; sourceTree = "<group>"; };
		C322EFD5267C5BAC00D42C86 /* Types.swift */ = {isa = PBXFileReference; lastKnownFileType = sourcecode.swift; path = Types.swift; sourceTree = "<group>"; };
		C325E1382682964700067AF1 /* What's NextUITests.xctest */ = {isa = PBXFileReference; explicitFileType = wrapper.cfbundle; includeInIndex = 0; path = "What's NextUITests.xctest"; sourceTree = BUILT_PRODUCTS_DIR; };
		C325E13A2682964700067AF1 /* WhatsNextUITests.swift */ = {isa = PBXFileReference; lastKnownFileType = sourcecode.swift; path = WhatsNextUITests.swift; sourceTree = "<group>"; wrapsLines = 0; };
		C325E14126838CA300067AF1 /* ItemDetailView.swift */ = {isa = PBXFileReference; lastKnownFileType = sourcecode.swift; path = ItemDetailView.swift; sourceTree = "<group>"; };
		C325E1462683BEE400067AF1 /* SnapshotHelper.swift */ = {isa = PBXFileReference; fileEncoding = 4; lastKnownFileType = sourcecode.swift; path = SnapshotHelper.swift; sourceTree = "<group>"; };
		C33439B12683DE9400A8F4CB /* en */ = {isa = PBXFileReference; lastKnownFileType = text.plist.strings; name = en; path = en.lproj/Localizable.strings; sourceTree = "<group>"; };
		C33439B52683E31900A8F4CB /* es */ = {isa = PBXFileReference; lastKnownFileType = text.plist.strings; name = es; path = es.lproj/Localizable.strings; sourceTree = "<group>"; };
		C356AA5F268D609E0050E32A /* Filterer.swift */ = {isa = PBXFileReference; lastKnownFileType = sourcecode.swift; path = Filterer.swift; sourceTree = "<group>"; };
		C3C8A823267C1CD1007D9512 /* Shared.xcdatamodel */ = {isa = PBXFileReference; lastKnownFileType = wrapper.xcdatamodel; path = Shared.xcdatamodel; sourceTree = "<group>"; };
		C3C8A824267C1CD1007D9512 /* WhatsNextApp.swift */ = {isa = PBXFileReference; lastKnownFileType = sourcecode.swift; path = WhatsNextApp.swift; sourceTree = "<group>"; };
		C3C8A825267C1CD1007D9512 /* ItemListView.swift */ = {isa = PBXFileReference; lastKnownFileType = sourcecode.swift; path = ItemListView.swift; sourceTree = "<group>"; };
		C3C8A826267C1CD1007D9512 /* Persistence.swift */ = {isa = PBXFileReference; lastKnownFileType = sourcecode.swift; path = Persistence.swift; sourceTree = "<group>"; };
		C3C8A827267C1CD1007D9512 /* Assets.xcassets */ = {isa = PBXFileReference; lastKnownFileType = folder.assetcatalog; path = Assets.xcassets; sourceTree = "<group>"; };
		C3C8A82C267C1CD1007D9512 /* What's Next.app */ = {isa = PBXFileReference; explicitFileType = wrapper.application; includeInIndex = 0; path = "What's Next.app"; sourceTree = BUILT_PRODUCTS_DIR; };
		C3C8A834267C1CD2007D9512 /* What's Next.app */ = {isa = PBXFileReference; explicitFileType = wrapper.application; includeInIndex = 0; path = "What's Next.app"; sourceTree = BUILT_PRODUCTS_DIR; };
		C3C8A836267C1CD2007D9512 /* Info.plist */ = {isa = PBXFileReference; lastKnownFileType = text.plist.xml; path = Info.plist; sourceTree = "<group>"; };
		C3C8A837267C1CD2007D9512 /* macOS.entitlements */ = {isa = PBXFileReference; lastKnownFileType = text.plist.entitlements; path = macOS.entitlements; sourceTree = "<group>"; };
		C3C8A86C267C2556007D9512 /* What's Next.entitlements */ = {isa = PBXFileReference; lastKnownFileType = text.plist.entitlements; path = "What's Next.entitlements"; sourceTree = "<group>"; };
/* End PBXFileReference section */

/* Begin PBXFrameworksBuildPhase section */
		C325E1352682964700067AF1 /* Frameworks */ = {
			isa = PBXFrameworksBuildPhase;
			buildActionMask = 2147483647;
			files = (
			);
			runOnlyForDeploymentPostprocessing = 0;
		};
		C3C8A829267C1CD1007D9512 /* Frameworks */ = {
			isa = PBXFrameworksBuildPhase;
			buildActionMask = 2147483647;
			files = (
			);
			runOnlyForDeploymentPostprocessing = 0;
		};
		C3C8A831267C1CD2007D9512 /* Frameworks */ = {
			isa = PBXFrameworksBuildPhase;
			buildActionMask = 2147483647;
			files = (
			);
			runOnlyForDeploymentPostprocessing = 0;
		};
/* End PBXFrameworksBuildPhase section */

/* Begin PBXGroup section */
		C322EFC7267C32AE00D42C86 /* Screens */ = {
			isa = PBXGroup;
			children = (
				C322EFCB267C4A1900D42C86 /* AddRecScreen.swift */,
				C3C8A825267C1CD1007D9512 /* ItemListView.swift */,
				C325E14126838CA300067AF1 /* ItemDetailView.swift */,
				C322EFC8267C32CD00D42C86 /* MainScreenView.swift */,
				C322EFCE267C4A4A00D42C86 /* UpNextScreen.swift */,
			);
			path = Screens;
			sourceTree = "<group>";
		};
		C325E1392682964700067AF1 /* What's NextUITests */ = {
			isa = PBXGroup;
			children = (
				C325E1462683BEE400067AF1 /* SnapshotHelper.swift */,
				C325E13A2682964700067AF1 /* WhatsNextUITests.swift */,
			);
			path = "What's NextUITests";
			sourceTree = "<group>";
		};
		C33439B42683E2D100A8F4CB /* Strings */ = {
			isa = PBXGroup;
			children = (
				C33439B22683DE9400A8F4CB /* Localizable.strings */,
			);
			path = Strings;
			sourceTree = "<group>";
		};
		C3C8A81C267C1CD0007D9512 = {
			isa = PBXGroup;
			children = (
				C3C8A86C267C2556007D9512 /* What's Next.entitlements */,
				C3C8A821267C1CD1007D9512 /* Shared */,
				C3C8A835267C1CD2007D9512 /* macOS */,
				C3C8A82E267C1CD1007D9512 /* iOS */,
				C325E1392682964700067AF1 /* What's NextUITests */,
				C3C8A82D267C1CD1007D9512 /* Products */,
			);
			sourceTree = "<group>";
		};
		C3C8A821267C1CD1007D9512 /* Shared */ = {
			isa = PBXGroup;
			children = (
				C33439B42683E2D100A8F4CB /* Strings */,
				C322EFC7267C32AE00D42C86 /* Screens */,
				C3C8A826267C1CD1007D9512 /* Persistence.swift */,
				C356AA5F268D609E0050E32A /* Filterer.swift */,
				C3C8A827267C1CD1007D9512 /* Assets.xcassets */,
				C3C8A822267C1CD1007D9512 /* What_s_Next.xcdatamodeld */,
				C3C8A824267C1CD1007D9512 /* WhatsNextApp.swift */,
				C322EFD5267C5BAC00D42C86 /* Types.swift */,
				3EA3AB70287F2A5B00CAF61C /* QuickActionSettings.swift */,
			);
			path = Shared;
			sourceTree = "<group>";
		};
		C3C8A82D267C1CD1007D9512 /* Products */ = {
			isa = PBXGroup;
			children = (
				C3C8A82C267C1CD1007D9512 /* What's Next.app */,
				C3C8A834267C1CD2007D9512 /* What's Next.app */,
				C325E1382682964700067AF1 /* What's NextUITests.xctest */,
			);
			name = Products;
			sourceTree = "<group>";
		};
		C3C8A82E267C1CD1007D9512 /* iOS */ = {
			isa = PBXGroup;
			children = (
				3E52F6E0287F2FEB00E802AB /* Info.plist */,
			);
			path = iOS;
			sourceTree = "<group>";
		};
		C3C8A835267C1CD2007D9512 /* macOS */ = {
			isa = PBXGroup;
			children = (
				C3C8A836267C1CD2007D9512 /* Info.plist */,
				C3C8A837267C1CD2007D9512 /* macOS.entitlements */,
			);
			path = macOS;
			sourceTree = "<group>";
		};
/* End PBXGroup section */

/* Begin PBXNativeTarget section */
		C325E1372682964700067AF1 /* What's NextUITests */ = {
			isa = PBXNativeTarget;
			buildConfigurationList = C325E1402682964700067AF1 /* Build configuration list for PBXNativeTarget "What's NextUITests" */;
			buildPhases = (
				C325E1342682964700067AF1 /* Sources */,
				C325E1352682964700067AF1 /* Frameworks */,
				C325E1362682964700067AF1 /* Resources */,
			);
			buildRules = (
			);
			dependencies = (
				C325E13D2682964700067AF1 /* PBXTargetDependency */,
			);
			name = "What's NextUITests";
			productName = "What's NextUITests";
			productReference = C325E1382682964700067AF1 /* What's NextUITests.xctest */;
			productType = "com.apple.product-type.bundle.ui-testing";
		};
		C3C8A82B267C1CD1007D9512 /* What's Next (iOS) */ = {
			isa = PBXNativeTarget;
			buildConfigurationList = C3C8A85A267C1CD2007D9512 /* Build configuration list for PBXNativeTarget "What's Next (iOS)" */;
			buildPhases = (
				C36F1606267CEA3100171CB8 /* ShellScript */,
				C3C8A828267C1CD1007D9512 /* Sources */,
				C3C8A829267C1CD1007D9512 /* Frameworks */,
				C3C8A82A267C1CD1007D9512 /* Resources */,
			);
			buildRules = (
			);
			dependencies = (
			);
			name = "What's Next (iOS)";
			productName = "What's Next (iOS)";
			productReference = C3C8A82C267C1CD1007D9512 /* What's Next.app */;
			productType = "com.apple.product-type.application";
		};
		C3C8A833267C1CD2007D9512 /* What's Next (macOS) */ = {
			isa = PBXNativeTarget;
			buildConfigurationList = C3C8A85D267C1CD2007D9512 /* Build configuration list for PBXNativeTarget "What's Next (macOS)" */;
			buildPhases = (
				C3C8A830267C1CD2007D9512 /* Sources */,
				C3C8A831267C1CD2007D9512 /* Frameworks */,
				C3C8A832267C1CD2007D9512 /* Resources */,
			);
			buildRules = (
			);
			dependencies = (
			);
			name = "What's Next (macOS)";
			productName = "What's Next (macOS)";
			productReference = C3C8A834267C1CD2007D9512 /* What's Next.app */;
			productType = "com.apple.product-type.application";
		};
/* End PBXNativeTarget section */

/* Begin PBXProject section */
		C3C8A81D267C1CD0007D9512 /* Project object */ = {
			isa = PBXProject;
			attributes = {
				BuildIndependentTargetsInParallel = YES;
				LastSwiftUpdateCheck = 1300;
				LastUpgradeCheck = 1400;
				ORGANIZATIONNAME = com.hbiede;
				TargetAttributes = {
					C325E1372682964700067AF1 = {
						CreatedOnToolsVersion = 13.0;
						TestTargetID = C3C8A82B267C1CD1007D9512;
					};
					C3C8A82B267C1CD1007D9512 = {
						CreatedOnToolsVersion = 12.5;
					};
					C3C8A833267C1CD2007D9512 = {
						CreatedOnToolsVersion = 12.5;
					};
				};
			};
			buildConfigurationList = C3C8A820267C1CD0007D9512 /* Build configuration list for PBXProject "What's Next" */;
			compatibilityVersion = "Xcode 9.3";
			developmentRegion = en;
			hasScannedForEncodings = 0;
			knownRegions = (
				en,
				Base,
				es,
			);
			mainGroup = C3C8A81C267C1CD0007D9512;
			productRefGroup = C3C8A82D267C1CD1007D9512 /* Products */;
			projectDirPath = "";
			projectRoot = "";
			targets = (
				C3C8A82B267C1CD1007D9512 /* What's Next (iOS) */,
				C3C8A833267C1CD2007D9512 /* What's Next (macOS) */,
				C325E1372682964700067AF1 /* What's NextUITests */,
			);
		};
/* End PBXProject section */

/* Begin PBXResourcesBuildPhase section */
		C325E1362682964700067AF1 /* Resources */ = {
			isa = PBXResourcesBuildPhase;
			buildActionMask = 2147483647;
			files = (
				C356AA67268D71130050E32A /* Localizable.strings in Resources */,
			);
			runOnlyForDeploymentPostprocessing = 0;
		};
		C3C8A82A267C1CD1007D9512 /* Resources */ = {
			isa = PBXResourcesBuildPhase;
			buildActionMask = 2147483647;
			files = (
				C33439AF2683DE9400A8F4CB /* Localizable.strings in Resources */,
				C3C8A856267C1CD2007D9512 /* Assets.xcassets in Resources */,
			);
			runOnlyForDeploymentPostprocessing = 0;
		};
		C3C8A832267C1CD2007D9512 /* Resources */ = {
			isa = PBXResourcesBuildPhase;
			buildActionMask = 2147483647;
			files = (
				C33439B02683DE9400A8F4CB /* Localizable.strings in Resources */,
				C3C8A857267C1CD2007D9512 /* Assets.xcassets in Resources */,
			);
			runOnlyForDeploymentPostprocessing = 0;
		};
/* End PBXResourcesBuildPhase section */

/* Begin PBXShellScriptBuildPhase section */
		C36F1606267CEA3100171CB8 /* ShellScript */ = {
			isa = PBXShellScriptBuildPhase;
			buildActionMask = 2147483647;
			files = (
			);
			inputFileListPaths = (
			);
			inputPaths = (
			);
			outputFileListPaths = (
			);
			outputPaths = (
			);
			runOnlyForDeploymentPostprocessing = 0;
			shellPath = /bin/sh;
			shellScript = "if which swiftlint >/dev/null; then\n  swiftlint\nelse\n  echo \"warning: SwiftLint not installed, download from https://github.com/realm/SwiftLint\"\nfi\n";
		};
/* End PBXShellScriptBuildPhase section */

/* Begin PBXSourcesBuildPhase section */
		C325E1342682964700067AF1 /* Sources */ = {
			isa = PBXSourcesBuildPhase;
			buildActionMask = 2147483647;
			files = (
				C325E13B2682964700067AF1 /* WhatsNextUITests.swift in Sources */,
				C325E1472683BEE400067AF1 /* SnapshotHelper.swift in Sources */,
			);
			runOnlyForDeploymentPostprocessing = 0;
		};
		C3C8A828267C1CD1007D9512 /* Sources */ = {
			isa = PBXSourcesBuildPhase;
			buildActionMask = 2147483647;
			files = (
				C3C8A850267C1CD2007D9512 /* WhatsNextApp.swift in Sources */,
				C322EFC9267C32CD00D42C86 /* MainScreenView.swift in Sources */,
				C322EFCC267C4A1900D42C86 /* AddRecScreen.swift in Sources */,
				C325E14226838CA300067AF1 /* ItemDetailView.swift in Sources */,
				C356AA60268D609E0050E32A /* Filterer.swift in Sources */,
				C322EFCF267C4A4A00D42C86 /* UpNextScreen.swift in Sources */,
				C3C8A854267C1CD2007D9512 /* Persistence.swift in Sources */,
				3EA3AB71287F2A5B00CAF61C /* QuickActionSettings.swift in Sources */,
				C3C8A84E267C1CD2007D9512 /* What_s_Next.xcdatamodeld in Sources */,
				C322EFD6267C5BAC00D42C86 /* Types.swift in Sources */,
				C3C8A852267C1CD2007D9512 /* ItemListView.swift in Sources */,
			);
			runOnlyForDeploymentPostprocessing = 0;
		};
		C3C8A830267C1CD2007D9512 /* Sources */ = {
			isa = PBXSourcesBuildPhase;
			buildActionMask = 2147483647;
			files = (
				C322EFCA267C32CD00D42C86 /* MainScreenView.swift in Sources */,
				C322EFCD267C4A1900D42C86 /* AddRecScreen.swift in Sources */,
				C322EFD0267C4A4A00D42C86 /* UpNextScreen.swift in Sources */,
				C325E14326838CA300067AF1 /* ItemDetailView.swift in Sources */,
				C356AA61268D609E0050E32A /* Filterer.swift in Sources */,
				C3C8A855267C1CD2007D9512 /* Persistence.swift in Sources */,
				C3708518268155CB0029CC3E /* WhatsNextApp.swift in Sources */,
				3EA3AB72287F2A5B00CAF61C /* QuickActionSettings.swift in Sources */,
				C3C8A84F267C1CD2007D9512 /* What_s_Next.xcdatamodeld in Sources */,
				C322EFD7267C5BAC00D42C86 /* Types.swift in Sources */,
				C3C8A853267C1CD2007D9512 /* ItemListView.swift in Sources */,
			);
			runOnlyForDeploymentPostprocessing = 0;
		};
/* End PBXSourcesBuildPhase section */

/* Begin PBXTargetDependency section */
		C325E13D2682964700067AF1 /* PBXTargetDependency */ = {
			isa = PBXTargetDependency;
			target = C3C8A82B267C1CD1007D9512 /* What's Next (iOS) */;
			targetProxy = C325E13C2682964700067AF1 /* PBXContainerItemProxy */;
		};
/* End PBXTargetDependency section */

/* Begin PBXVariantGroup section */
		C33439B22683DE9400A8F4CB /* Localizable.strings */ = {
			isa = PBXVariantGroup;
			children = (
				C33439B12683DE9400A8F4CB /* en */,
				C33439B52683E31900A8F4CB /* es */,
			);
			name = Localizable.strings;
			sourceTree = "<group>";
		};
/* End PBXVariantGroup section */

/* Begin XCBuildConfiguration section */
		C325E13E2682964700067AF1 /* Debug */ = {
			isa = XCBuildConfiguration;
			buildSettings = {
				CODE_SIGN_STYLE = Automatic;
				CURRENT_PROJECT_VERSION = 1;
				DEVELOPMENT_TEAM = 69RV8YV62P;
				GENERATE_INFOPLIST_FILE = YES;
				INFOPLIST_KEY_CFBundleExecutable = "What's NextUITests";
				INFOPLIST_KEY_CFBundleName = "What's Next UI Tests";
				INFOPLIST_KEY_CFBundleVersion = "$(BUILD_NUMBER)";
				IPHONEOS_DEPLOYMENT_TARGET = 14.1;
				LD_RUNPATH_SEARCH_PATHS = (
					"$(inherited)",
					"@executable_path/Frameworks",
					"@loader_path/Frameworks",
				);
				MARKETING_VERSION = "$(BUILD_VERSION)";
				PRODUCT_BUNDLE_IDENTIFIER = com.hbiede.WhatsNextUITests;
				PRODUCT_NAME = "$(TARGET_NAME)";
				SDKROOT = iphoneos;
				SWIFT_ACTIVE_COMPILATION_CONDITIONS = "";
				SWIFT_EMIT_LOC_STRINGS = NO;
				SWIFT_VERSION = 5.0;
				TARGETED_DEVICE_FAMILY = "1,2";
				TEST_TARGET_NAME = "What's Next (iOS)";
			};
			name = Debug;
		};
		C325E13F2682964700067AF1 /* Release */ = {
			isa = XCBuildConfiguration;
			buildSettings = {
				CODE_SIGN_STYLE = Automatic;
				CURRENT_PROJECT_VERSION = 1;
				DEVELOPMENT_TEAM = 69RV8YV62P;
				GENERATE_INFOPLIST_FILE = YES;
				INFOPLIST_KEY_CFBundleExecutable = "What's NextUITests";
				INFOPLIST_KEY_CFBundleName = "What's Next UI Tests";
				INFOPLIST_KEY_CFBundleVersion = "$(BUILD_NUMBER)";
				IPHONEOS_DEPLOYMENT_TARGET = 14.1;
				LD_RUNPATH_SEARCH_PATHS = (
					"$(inherited)",
					"@executable_path/Frameworks",
					"@loader_path/Frameworks",
				);
				MARKETING_VERSION = "$(BUILD_VERSION)";
				PRODUCT_BUNDLE_IDENTIFIER = com.hbiede.WhatsNextUITests;
				PRODUCT_NAME = "$(TARGET_NAME)";
				SDKROOT = iphoneos;
				SWIFT_EMIT_LOC_STRINGS = NO;
				SWIFT_VERSION = 5.0;
				TARGETED_DEVICE_FAMILY = "1,2";
				TEST_TARGET_NAME = "What's Next (iOS)";
				VALIDATE_PRODUCT = YES;
			};
			name = Release;
		};
		C3C8A858267C1CD2007D9512 /* Debug */ = {
			isa = XCBuildConfiguration;
			buildSettings = {
				ALWAYS_SEARCH_USER_PATHS = NO;
				BUILD_NUMBER = 6;
				BUILD_VERSION = 1.0.1;
				CLANG_ANALYZER_LOCALIZABILITY_NONLOCALIZED = YES;
				CLANG_ANALYZER_NONNULL = YES;
				CLANG_ANALYZER_NUMBER_OBJECT_CONVERSION = YES_AGGRESSIVE;
				CLANG_CXX_LANGUAGE_STANDARD = "gnu++14";
				CLANG_CXX_LIBRARY = "libc++";
				CLANG_ENABLE_MODULES = YES;
				CLANG_ENABLE_OBJC_ARC = YES;
				CLANG_ENABLE_OBJC_WEAK = YES;
				CLANG_WARN_BLOCK_CAPTURE_AUTORELEASING = YES;
				CLANG_WARN_BOOL_CONVERSION = YES;
				CLANG_WARN_COMMA = YES;
				CLANG_WARN_CONSTANT_CONVERSION = YES;
				CLANG_WARN_DEPRECATED_OBJC_IMPLEMENTATIONS = YES;
				CLANG_WARN_DIRECT_OBJC_ISA_USAGE = YES_ERROR;
				CLANG_WARN_DOCUMENTATION_COMMENTS = YES;
				CLANG_WARN_EMPTY_BODY = YES;
				CLANG_WARN_ENUM_CONVERSION = YES;
				CLANG_WARN_INFINITE_RECURSION = YES;
				CLANG_WARN_INT_CONVERSION = YES;
				CLANG_WARN_NON_LITERAL_NULL_CONVERSION = YES;
				CLANG_WARN_OBJC_IMPLICIT_RETAIN_SELF = YES;
				CLANG_WARN_OBJC_LITERAL_CONVERSION = YES;
				CLANG_WARN_OBJC_ROOT_CLASS = YES_ERROR;
				CLANG_WARN_QUOTED_INCLUDE_IN_FRAMEWORK_HEADER = YES;
				CLANG_WARN_RANGE_LOOP_ANALYSIS = YES;
				CLANG_WARN_STRICT_PROTOTYPES = YES;
				CLANG_WARN_SUSPICIOUS_MOVE = YES;
				CLANG_WARN_UNGUARDED_AVAILABILITY = YES_AGGRESSIVE;
				CLANG_WARN_UNREACHABLE_CODE = YES;
				CLANG_WARN__DUPLICATE_METHOD_MATCH = YES;
				COPY_PHASE_STRIP = NO;
				DEAD_CODE_STRIPPING = YES;
				DEBUG_INFORMATION_FORMAT = dwarf;
				ENABLE_STRICT_OBJC_MSGSEND = YES;
				ENABLE_TESTABILITY = YES;
				GCC_C_LANGUAGE_STANDARD = gnu11;
				GCC_DYNAMIC_NO_PIC = NO;
				GCC_NO_COMMON_BLOCKS = YES;
				GCC_OPTIMIZATION_LEVEL = 0;
				GCC_PREPROCESSOR_DEFINITIONS = (
					"DEBUG=1",
					"$(inherited)",
				);
				GCC_WARN_64_TO_32_BIT_CONVERSION = YES;
				GCC_WARN_ABOUT_RETURN_TYPE = YES_ERROR;
				GCC_WARN_UNDECLARED_SELECTOR = YES;
				GCC_WARN_UNINITIALIZED_AUTOS = YES_AGGRESSIVE;
				GCC_WARN_UNUSED_FUNCTION = YES;
				GCC_WARN_UNUSED_VARIABLE = YES;
				IPHONEOS_DEPLOYMENT_TARGET = 15.0;
				MACOSX_DEPLOYMENT_TARGET = 11.0;
				MTL_ENABLE_DEBUG_INFO = INCLUDE_SOURCE;
				MTL_FAST_MATH = YES;
				ONLY_ACTIVE_ARCH = YES;
				SWIFT_ACTIVE_COMPILATION_CONDITIONS = DEBUG;
				SWIFT_OPTIMIZATION_LEVEL = "-Onone";
			};
			name = Debug;
		};
		C3C8A859267C1CD2007D9512 /* Release */ = {
			isa = XCBuildConfiguration;
			buildSettings = {
				ALWAYS_SEARCH_USER_PATHS = NO;
				BUILD_NUMBER = 6;
				BUILD_VERSION = 1.0.1;
				CLANG_ANALYZER_LOCALIZABILITY_NONLOCALIZED = YES;
				CLANG_ANALYZER_NONNULL = YES;
				CLANG_ANALYZER_NUMBER_OBJECT_CONVERSION = YES_AGGRESSIVE;
				CLANG_CXX_LANGUAGE_STANDARD = "gnu++14";
				CLANG_CXX_LIBRARY = "libc++";
				CLANG_ENABLE_MODULES = YES;
				CLANG_ENABLE_OBJC_ARC = YES;
				CLANG_ENABLE_OBJC_WEAK = YES;
				CLANG_WARN_BLOCK_CAPTURE_AUTORELEASING = YES;
				CLANG_WARN_BOOL_CONVERSION = YES;
				CLANG_WARN_COMMA = YES;
				CLANG_WARN_CONSTANT_CONVERSION = YES;
				CLANG_WARN_DEPRECATED_OBJC_IMPLEMENTATIONS = YES;
				CLANG_WARN_DIRECT_OBJC_ISA_USAGE = YES_ERROR;
				CLANG_WARN_DOCUMENTATION_COMMENTS = YES;
				CLANG_WARN_EMPTY_BODY = YES;
				CLANG_WARN_ENUM_CONVERSION = YES;
				CLANG_WARN_INFINITE_RECURSION = YES;
				CLANG_WARN_INT_CONVERSION = YES;
				CLANG_WARN_NON_LITERAL_NULL_CONVERSION = YES;
				CLANG_WARN_OBJC_IMPLICIT_RETAIN_SELF = YES;
				CLANG_WARN_OBJC_LITERAL_CONVERSION = YES;
				CLANG_WARN_OBJC_ROOT_CLASS = YES_ERROR;
				CLANG_WARN_QUOTED_INCLUDE_IN_FRAMEWORK_HEADER = YES;
				CLANG_WARN_RANGE_LOOP_ANALYSIS = YES;
				CLANG_WARN_STRICT_PROTOTYPES = YES;
				CLANG_WARN_SUSPICIOUS_MOVE = YES;
				CLANG_WARN_UNGUARDED_AVAILABILITY = YES_AGGRESSIVE;
				CLANG_WARN_UNREACHABLE_CODE = YES;
				CLANG_WARN__DUPLICATE_METHOD_MATCH = YES;
				COPY_PHASE_STRIP = NO;
				DEAD_CODE_STRIPPING = YES;
				DEBUG_INFORMATION_FORMAT = "dwarf-with-dsym";
				ENABLE_NS_ASSERTIONS = NO;
				ENABLE_STRICT_OBJC_MSGSEND = YES;
				GCC_C_LANGUAGE_STANDARD = gnu11;
				GCC_NO_COMMON_BLOCKS = YES;
				GCC_WARN_64_TO_32_BIT_CONVERSION = YES;
				GCC_WARN_ABOUT_RETURN_TYPE = YES_ERROR;
				GCC_WARN_UNDECLARED_SELECTOR = YES;
				GCC_WARN_UNINITIALIZED_AUTOS = YES_AGGRESSIVE;
				GCC_WARN_UNUSED_FUNCTION = YES;
				GCC_WARN_UNUSED_VARIABLE = YES;
				IPHONEOS_DEPLOYMENT_TARGET = 15.0;
				MACOSX_DEPLOYMENT_TARGET = 11.0;
				MTL_ENABLE_DEBUG_INFO = NO;
				MTL_FAST_MATH = YES;
				SWIFT_COMPILATION_MODE = wholemodule;
				SWIFT_OPTIMIZATION_LEVEL = "-O";
			};
			name = Release;
		};
		C3C8A85B267C1CD2007D9512 /* Debug */ = {
			isa = XCBuildConfiguration;
			buildSettings = {
				ASSETCATALOG_COMPILER_APPICON_NAME = AppIcon;
				ASSETCATALOG_COMPILER_GLOBAL_ACCENT_COLOR_NAME = AccentColor;
				BUILD_NUMBER = 8;
				BUILD_VERSION = 1.1.0;
				CODE_SIGN_ENTITLEMENTS = "What's Next.entitlements";
				CODE_SIGN_STYLE = Automatic;
				CURRENT_PROJECT_VERSION = 11;
				DEVELOPMENT_TEAM = 69RV8YV62P;
				ENABLE_PREVIEWS = YES;
				INFOPLIST_FILE = iOS/Info.plist;
				INFOPLIST_KEY_LSApplicationCategoryType = "public.app-category.utilities";
				IPHONEOS_DEPLOYMENT_TARGET = 15.0;
				LD_RUNPATH_SEARCH_PATHS = (
					"$(inherited)",
					"@executable_path/Frameworks",
				);
				MARKETING_VERSION = 1.1.0;
				PRODUCT_BUNDLE_IDENTIFIER = com.hbiede.WhatsNext;
				PRODUCT_NAME = "What's Next";
				SDKROOT = iphoneos;
				SUPPORTS_MACCATALYST = NO;
				SUPPORTS_MAC_DESIGNED_FOR_IPHONE_IPAD = NO;
				SWIFT_VERSION = 5.0;
				TARGETED_DEVICE_FAMILY = "1,2";
			};
			name = Debug;
		};
		C3C8A85C267C1CD2007D9512 /* Release */ = {
			isa = XCBuildConfiguration;
			buildSettings = {
				ASSETCATALOG_COMPILER_APPICON_NAME = AppIcon;
				ASSETCATALOG_COMPILER_GLOBAL_ACCENT_COLOR_NAME = AccentColor;
				BUILD_NUMBER = 8;
				BUILD_VERSION = 1.1.0;
				CODE_SIGN_ENTITLEMENTS = "What's Next.entitlements";
				CODE_SIGN_STYLE = Automatic;
				CURRENT_PROJECT_VERSION = 11;
				DEVELOPMENT_TEAM = 69RV8YV62P;
				ENABLE_PREVIEWS = YES;
				INFOPLIST_FILE = iOS/Info.plist;
				INFOPLIST_KEY_LSApplicationCategoryType = "public.app-category.utilities";
				IPHONEOS_DEPLOYMENT_TARGET = 15.0;
				LD_RUNPATH_SEARCH_PATHS = (
					"$(inherited)",
					"@executable_path/Frameworks",
				);
				MARKETING_VERSION = 1.1.0;
				PRODUCT_BUNDLE_IDENTIFIER = com.hbiede.WhatsNext;
				PRODUCT_NAME = "What's Next";
				SDKROOT = iphoneos;
				SUPPORTS_MACCATALYST = NO;
				SUPPORTS_MAC_DESIGNED_FOR_IPHONE_IPAD = NO;
				SWIFT_VERSION = 5.0;
				TARGETED_DEVICE_FAMILY = "1,2";
				VALIDATE_PRODUCT = YES;
			};
			name = Release;
		};
		C3C8A85E267C1CD2007D9512 /* Debug */ = {
			isa = XCBuildConfiguration;
			buildSettings = {
				ASSETCATALOG_COMPILER_APPICON_NAME = AppIcon;
				ASSETCATALOG_COMPILER_GLOBAL_ACCENT_COLOR_NAME = AccentColor;
				ASSETCATALOG_COMPILER_INCLUDE_ALL_APPICON_ASSETS = YES;
				CODE_SIGN_ENTITLEMENTS = macOS/macOS.entitlements;
				CODE_SIGN_IDENTITY = "-";
				CODE_SIGN_STYLE = Automatic;
				COMBINE_HIDPI_IMAGES = YES;
				CURRENT_PROJECT_VERSION = 6;
				DEAD_CODE_STRIPPING = YES;
				ENABLE_PREVIEWS = YES;
				INFOPLIST_FILE = macOS/Info.plist;
				LD_RUNPATH_SEARCH_PATHS = (
					"$(inherited)",
					"@executable_path/../Frameworks",
				);
				MACOSX_DEPLOYMENT_TARGET = 11.0;
				PRODUCT_BUNDLE_IDENTIFIER = com.hbiede.WhatsNext;
				PRODUCT_NAME = "What's Next";
				SDKROOT = macosx;
				SWIFT_VERSION = 5.0;
			};
			name = Debug;
		};
		C3C8A85F267C1CD2007D9512 /* Release */ = {
			isa = XCBuildConfiguration;
			buildSettings = {
				ASSETCATALOG_COMPILER_APPICON_NAME = AppIcon;
				ASSETCATALOG_COMPILER_GLOBAL_ACCENT_COLOR_NAME = AccentColor;
				ASSETCATALOG_COMPILER_INCLUDE_ALL_APPICON_ASSETS = YES;
				CODE_SIGN_ENTITLEMENTS = macOS/macOS.entitlements;
				CODE_SIGN_IDENTITY = "-";
				CODE_SIGN_STYLE = Automatic;
				COMBINE_HIDPI_IMAGES = YES;
				CURRENT_PROJECT_VERSION = 6;
				DEAD_CODE_STRIPPING = YES;
				ENABLE_PREVIEWS = YES;
				INFOPLIST_FILE = macOS/Info.plist;
				LD_RUNPATH_SEARCH_PATHS = (
					"$(inherited)",
					"@executable_path/../Frameworks",
				);
				MACOSX_DEPLOYMENT_TARGET = 11.0;
				PRODUCT_BUNDLE_IDENTIFIER = com.hbiede.WhatsNext;
				PRODUCT_NAME = "What's Next";
				SDKROOT = macosx;
				SWIFT_VERSION = 5.0;
			};
			name = Release;
		};
/* End XCBuildConfiguration section */

/* Begin XCConfigurationList section */
		C325E1402682964700067AF1 /* Build configuration list for PBXNativeTarget "What's NextUITests" */ = {
			isa = XCConfigurationList;
			buildConfigurations = (
				C325E13E2682964700067AF1 /* Debug */,
				C325E13F2682964700067AF1 /* Release */,
			);
			defaultConfigurationIsVisible = 0;
			defaultConfigurationName = Release;
		};
		C3C8A820267C1CD0007D9512 /* Build configuration list for PBXProject "What's Next" */ = {
			isa = XCConfigurationList;
			buildConfigurations = (
				C3C8A858267C1CD2007D9512 /* Debug */,
				C3C8A859267C1CD2007D9512 /* Release */,
			);
			defaultConfigurationIsVisible = 0;
			defaultConfigurationName = Release;
		};
		C3C8A85A267C1CD2007D9512 /* Build configuration list for PBXNativeTarget "What's Next (iOS)" */ = {
			isa = XCConfigurationList;
			buildConfigurations = (
				C3C8A85B267C1CD2007D9512 /* Debug */,
				C3C8A85C267C1CD2007D9512 /* Release */,
			);
			defaultConfigurationIsVisible = 0;
			defaultConfigurationName = Release;
		};
		C3C8A85D267C1CD2007D9512 /* Build configuration list for PBXNativeTarget "What's Next (macOS)" */ = {
			isa = XCConfigurationList;
			buildConfigurations = (
				C3C8A85E267C1CD2007D9512 /* Debug */,
				C3C8A85F267C1CD2007D9512 /* Release */,
			);
			defaultConfigurationIsVisible = 0;
			defaultConfigurationName = Release;
		};
/* End XCConfigurationList section */

/* Begin XCVersionGroup section */
		C3C8A822267C1CD1007D9512 /* What_s_Next.xcdatamodeld */ = {
			isa = XCVersionGroup;
			children = (
				C3C8A823267C1CD1007D9512 /* Shared.xcdatamodel */,
			);
			currentVersion = C3C8A823267C1CD1007D9512 /* Shared.xcdatamodel */;
			path = What_s_Next.xcdatamodeld;
			sourceTree = "<group>";
			versionGroupType = wrapper.xcdatamodel;
		};
/* End XCVersionGroup section */
	};
	rootObject = C3C8A81D267C1CD0007D9512 /* Project object */;
}
